
Microsoft Visual Studio Solution File, Format Version 12.00
# Visual Studio Version 17
VisualStudioVersion = 17.8.34322.80
MinimumVisualStudioVersion = 10.0.40219.1
Project("{9A19103F-16F7-4668-BE54-9A1E7A4F7556}") = "ReviewService", "ReviewService\ReviewService.csproj", "{A28CFB2E-1EC2-4EAD-8D8B-9F3E24B24E81}"
EndProject
Project("{E53339B2-1760-4266-BCC7-CA923CBCF16C}") = "docker-compose", "docker-compose.dcproj", "{FC3B43C1-4175-429E-B74B-04A55074E686}"
EndProject
Global
	GlobalSection(SolutionConfigurationPlatforms) = preSolution
		Debug|Any CPU = Debug|Any CPU
		Release|Any CPU = Release|Any CPU
	EndGlobalSection
	GlobalSection(ProjectConfigurationPlatforms) = postSolution
		{A28CFB2E-1EC2-4EAD-8D8B-9F3E24B24E81}.Debug|Any CPU.ActiveCfg = Debug|Any CPU
		{A28CFB2E-1EC2-4EAD-8D8B-9F3E24B24E81}.Debug|Any CPU.Build.0 = Debug|Any CPU
		{A28CFB2E-1EC2-4EAD-8D8B-9F3E24B24E81}.Release|Any CPU.ActiveCfg = Release|Any CPU
		{A28CFB2E-1EC2-4EAD-8D8B-9F3E24B24E81}.Release|Any CPU.Build.0 = Release|Any CPU
		{FC3B43C1-4175-429E-B74B-04A55074E686}.Debug|Any CPU.ActiveCfg = Debug|Any CPU
		{FC3B43C1-4175-429E-B74B-04A55074E686}.Debug|Any CPU.Build.0 = Debug|Any CPU
		{FC3B43C1-4175-429E-B74B-04A55074E686}.Release|Any CPU.ActiveCfg = Release|Any CPU
		{FC3B43C1-4175-429E-B74B-04A55074E686}.Release|Any CPU.Build.0 = Release|Any CPU
	EndGlobalSection
	GlobalSection(SolutionProperties) = preSolution
		HideSolutionNode = FALSE
	EndGlobalSection
	GlobalSection(ExtensibilityGlobals) = postSolution
		SolutionGuid = {D745F232-7DCE-43E8-AAE6-BAB9B334D5E0}
	EndGlobalSection
EndGlobal
